// !$*UTF8*$!
{
	archiveVersion = 1;
	classes = {
	};
	objectVersion = 50;
	objects = {

/* Begin PBXBuildFile section */
		3F75AB8F261DABC70013E64B /* SingleTableViewCell.swift in Sources */ = {isa = PBXBuildFile; fileRef = 3F75AB8D261DABC70013E64B /* SingleTableViewCell.swift */; };
		3F75AB90261DABC70013E64B /* SingleTableViewCell.xib in Resources */ = {isa = PBXBuildFile; fileRef = 3F75AB8E261DABC70013E64B /* SingleTableViewCell.xib */; };
		3FA129C3261EE9DB009A46E5 /* DetailsTableViewCell.swift in Sources */ = {isa = PBXBuildFile; fileRef = 3FA129C1261EE9DB009A46E5 /* DetailsTableViewCell.swift */; };
		3FA129C4261EE9DB009A46E5 /* DetailsTableViewCell.xib in Resources */ = {isa = PBXBuildFile; fileRef = 3FA129C2261EE9DB009A46E5 /* DetailsTableViewCell.xib */; };
		3FA129E7261F0440009A46E5 /* Slider.swift in Sources */ = {isa = PBXBuildFile; fileRef = 3FA129E6261F0440009A46E5 /* Slider.swift */; };
		3FA129EC261F1BCF009A46E5 /* CollectionTableViewCell.swift in Sources */ = {isa = PBXBuildFile; fileRef = 3FA129EA261F1BCF009A46E5 /* CollectionTableViewCell.swift */; };
		3FA129ED261F1BCF009A46E5 /* CollectionTableViewCell.xib in Resources */ = {isa = PBXBuildFile; fileRef = 3FA129EB261F1BCF009A46E5 /* CollectionTableViewCell.xib */; };
		3FA129F1261F1C0D009A46E5 /* MyCollectionViewCell.swift in Sources */ = {isa = PBXBuildFile; fileRef = 3FA129EF261F1C0D009A46E5 /* MyCollectionViewCell.swift */; };
		3FA129F2261F1C0D009A46E5 /* MyCollectionViewCell.xib in Resources */ = {isa = PBXBuildFile; fileRef = 3FA129F0261F1C0D009A46E5 /* MyCollectionViewCell.xib */; };
		3FA12A00261F2D6F009A46E5 /* Model.swift in Sources */ = {isa = PBXBuildFile; fileRef = 3FA129FF261F2D6F009A46E5 /* Model.swift */; };
		3FA12A17261F6409009A46E5 /* SliderCollectionViewCell.swift in Sources */ = {isa = PBXBuildFile; fileRef = 3FA12A15261F6409009A46E5 /* SliderCollectionViewCell.swift */; };
		3FA12A18261F6409009A46E5 /* SliderCollectionViewCell.xib in Resources */ = {isa = PBXBuildFile; fileRef = 3FA12A16261F6409009A46E5 /* SliderCollectionViewCell.xib */; };
		3FCB11BE261FBD160090EE01 /* SliderTableViewCell.swift in Sources */ = {isa = PBXBuildFile; fileRef = 3FCB11BC261FBD160090EE01 /* SliderTableViewCell.swift */; };
		3FCB11BF261FBD160090EE01 /* SliderTableViewCell.xib in Resources */ = {isa = PBXBuildFile; fileRef = 3FCB11BD261FBD160090EE01 /* SliderTableViewCell.xib */; };
		3FCB11CF2620A7B00090EE01 /* collection5.jpg in Resources */ = {isa = PBXBuildFile; fileRef = 3FCB11C52620A7AF0090EE01 /* collection5.jpg */; };
		3FCB11D02620A7B00090EE01 /* collection1.jpg in Resources */ = {isa = PBXBuildFile; fileRef = 3FCB11C62620A7AF0090EE01 /* collection1.jpg */; };
		3FCB11D12620A7B00090EE01 /* collection2.jpg in Resources */ = {isa = PBXBuildFile; fileRef = 3FCB11C72620A7AF0090EE01 /* collection2.jpg */; };
		3FCB11D22620A7B00090EE01 /* banner1.jpeg in Resources */ = {isa = PBXBuildFile; fileRef = 3FCB11C82620A7AF0090EE01 /* banner1.jpeg */; };
		3FCB11D32620A7B00090EE01 /* collection4.jpg in Resources */ = {isa = PBXBuildFile; fileRef = 3FCB11C92620A7B00090EE01 /* collection4.jpg */; };
		3FCB11D42620A7B00090EE01 /* banner2.jpeg in Resources */ = {isa = PBXBuildFile; fileRef = 3FCB11CA2620A7B00090EE01 /* banner2.jpeg */; };
		3FCB11D52620A7B00090EE01 /* banner3.jpeg in Resources */ = {isa = PBXBuildFile; fileRef = 3FCB11CB2620A7B00090EE01 /* banner3.jpeg */; };
		3FCB11D62620A7B00090EE01 /* banner5.jpeg in Resources */ = {isa = PBXBuildFile; fileRef = 3FCB11CC2620A7B00090EE01 /* banner5.jpeg */; };
		3FCB11D72620A7B00090EE01 /* banner4.jpeg in Resources */ = {isa = PBXBuildFile; fileRef = 3FCB11CD2620A7B00090EE01 /* banner4.jpeg */; };
		3FCB11D82620A7B00090EE01 /* collection3.jpg in Resources */ = {isa = PBXBuildFile; fileRef = 3FCB11CE2620A7B00090EE01 /* collection3.jpg */; };
		3FCB11E12620A9B10090EE01 /* beyaz.jpeg in Resources */ = {isa = PBXBuildFile; fileRef = 3FCB11E02620A9B10090EE01 /* beyaz.jpeg */; };
		3FEC936B2625AD2C00265304 /* Assets.xcassets in Resources */ = {isa = PBXBuildFile; fileRef = 3FEC93602625AC6200265304 /* Assets.xcassets */; };
		3FF4751E261C6609008498C6 /* AppDelegate.swift in Sources */ = {isa = PBXBuildFile; fileRef = 3FF4751D261C6609008498C6 /* AppDelegate.swift */; };
		3FF47520261C6609008498C6 /* SceneDelegate.swift in Sources */ = {isa = PBXBuildFile; fileRef = 3FF4751F261C6609008498C6 /* SceneDelegate.swift */; };
		3FF47522261C6609008498C6 /* ViewController.swift in Sources */ = {isa = PBXBuildFile; fileRef = 3FF47521261C6609008498C6 /* ViewController.swift */; };
		3FF47525261C6609008498C6 /* Main.storyboard in Resources */ = {isa = PBXBuildFile; fileRef = 3FF47523261C6609008498C6 /* Main.storyboard */; };
		3FF4752A261C660C008498C6 /* LaunchScreen.storyboard in Resources */ = {isa = PBXBuildFile; fileRef = 3FF47528261C660C008498C6 /* LaunchScreen.storyboard */; };
		3FF47535261C78B5008498C6 /* detailsViewController.swift in Sources */ = {isa = PBXBuildFile; fileRef = 3FF47534261C78B5008498C6 /* detailsViewController.swift */; };
		3FF47539261C80FB008498C6 /* Movies.swift in Sources */ = {isa = PBXBuildFile; fileRef = 3FF47538261C80FA008498C6 /* Movies.swift */; };
/* End PBXBuildFile section */

/* Begin PBXFileReference section */
		3F75AB8D261DABC70013E64B /* SingleTableViewCell.swift */ = {isa = PBXFileReference; lastKnownFileType = sourcecode.swift; path = SingleTableViewCell.swift; sourceTree = "<group>"; };
		3F75AB8E261DABC70013E64B /* SingleTableViewCell.xib */ = {isa = PBXFileReference; lastKnownFileType = file.xib; path = SingleTableViewCell.xib; sourceTree = "<group>"; };
		3FA129A5261DB7FB009A46E5 /* harrypotter.jpg */ = {isa = PBXFileReference; lastKnownFileType = image.jpeg; path = harrypotter.jpg; sourceTree = "<group>"; };
		3FA129A6261DB7FB009A46E5 /* benjaminButton.jpg */ = {isa = PBXFileReference; lastKnownFileType = image.jpeg; path = benjaminButton.jpg; sourceTree = "<group>"; };
		3FA129A7261DB7FB009A46E5 /* gladiator.jpg */ = {isa = PBXFileReference; lastKnownFileType = image.jpeg; path = gladiator.jpg; sourceTree = "<group>"; };
		3FA129A8261DB7FB009A46E5 /* mebeforeyou.jpg */ = {isa = PBXFileReference; lastKnownFileType = image.jpeg; path = mebeforeyou.jpg; sourceTree = "<group>"; };
		3FA129A9261DB7FB009A46E5 /* parcalanmis.jpg */ = {isa = PBXFileReference; lastKnownFileType = image.jpeg; path = parcalanmis.jpg; sourceTree = "<group>"; };
		3FA129AA261DB7FB009A46E5 /* yuzuklerinEfendisi.jpg */ = {isa = PBXFileReference; lastKnownFileType = image.jpeg; path = yuzuklerinEfendisi.jpg; sourceTree = "<group>"; };
		3FA129C1261EE9DB009A46E5 /* DetailsTableViewCell.swift */ = {isa = PBXFileReference; lastKnownFileType = sourcecode.swift; path = DetailsTableViewCell.swift; sourceTree = "<group>"; };
		3FA129C2261EE9DB009A46E5 /* DetailsTableViewCell.xib */ = {isa = PBXFileReference; lastKnownFileType = file.xib; path = DetailsTableViewCell.xib; sourceTree = "<group>"; };
		3FA129E6261F0440009A46E5 /* Slider.swift */ = {isa = PBXFileReference; lastKnownFileType = sourcecode.swift; path = Slider.swift; sourceTree = "<group>"; };
		3FA129EA261F1BCF009A46E5 /* CollectionTableViewCell.swift */ = {isa = PBXFileReference; lastKnownFileType = sourcecode.swift; path = CollectionTableViewCell.swift; sourceTree = "<group>"; };
		3FA129EB261F1BCF009A46E5 /* CollectionTableViewCell.xib */ = {isa = PBXFileReference; lastKnownFileType = file.xib; path = CollectionTableViewCell.xib; sourceTree = "<group>"; };
		3FA129EF261F1C0D009A46E5 /* MyCollectionViewCell.swift */ = {isa = PBXFileReference; lastKnownFileType = sourcecode.swift; path = MyCollectionViewCell.swift; sourceTree = "<group>"; };
		3FA129F0261F1C0D009A46E5 /* MyCollectionViewCell.xib */ = {isa = PBXFileReference; lastKnownFileType = file.xib; path = MyCollectionViewCell.xib; sourceTree = "<group>"; };
		3FA129FF261F2D6F009A46E5 /* Model.swift */ = {isa = PBXFileReference; lastKnownFileType = sourcecode.swift; path = Model.swift; sourceTree = "<group>"; };
		3FA12A15261F6409009A46E5 /* SliderCollectionViewCell.swift */ = {isa = PBXFileReference; lastKnownFileType = sourcecode.swift; path = SliderCollectionViewCell.swift; sourceTree = "<group>"; };
		3FA12A16261F6409009A46E5 /* SliderCollectionViewCell.xib */ = {isa = PBXFileReference; lastKnownFileType = file.xib; path = SliderCollectionViewCell.xib; sourceTree = "<group>"; };
		3FCB11BC261FBD160090EE01 /* SliderTableViewCell.swift */ = {isa = PBXFileReference; lastKnownFileType = sourcecode.swift; path = SliderTableViewCell.swift; sourceTree = "<group>"; };
		3FCB11BD261FBD160090EE01 /* SliderTableViewCell.xib */ = {isa = PBXFileReference; lastKnownFileType = file.xib; path = SliderTableViewCell.xib; sourceTree = "<group>"; };
		3FCB11C52620A7AF0090EE01 /* collection5.jpg */ = {isa = PBXFileReference; lastKnownFileType = image.jpeg; path = collection5.jpg; sourceTree = "<group>"; };
		3FCB11C62620A7AF0090EE01 /* collection1.jpg */ = {isa = PBXFileReference; lastKnownFileType = image.jpeg; path = collection1.jpg; sourceTree = "<group>"; };
		3FCB11C72620A7AF0090EE01 /* collection2.jpg */ = {isa = PBXFileReference; lastKnownFileType = image.jpeg; path = collection2.jpg; sourceTree = "<group>"; };
		3FCB11C82620A7AF0090EE01 /* banner1.jpeg */ = {isa = PBXFileReference; lastKnownFileType = image.jpeg; path = banner1.jpeg; sourceTree = "<group>"; };
		3FCB11C92620A7B00090EE01 /* collection4.jpg */ = {isa = PBXFileReference; lastKnownFileType = image.jpeg; path = collection4.jpg; sourceTree = "<group>"; };
		3FCB11CA2620A7B00090EE01 /* banner2.jpeg */ = {isa = PBXFileReference; lastKnownFileType = image.jpeg; path = banner2.jpeg; sourceTree = "<group>"; };
		3FCB11CB2620A7B00090EE01 /* banner3.jpeg */ = {isa = PBXFileReference; lastKnownFileType = image.jpeg; path = banner3.jpeg; sourceTree = "<group>"; };
		3FCB11CC2620A7B00090EE01 /* banner5.jpeg */ = {isa = PBXFileReference; lastKnownFileType = image.jpeg; path = banner5.jpeg; sourceTree = "<group>"; };
		3FCB11CD2620A7B00090EE01 /* banner4.jpeg */ = {isa = PBXFileReference; lastKnownFileType = image.jpeg; path = banner4.jpeg; sourceTree = "<group>"; };
		3FCB11CE2620A7B00090EE01 /* collection3.jpg */ = {isa = PBXFileReference; lastKnownFileType = image.jpeg; path = collection3.jpg; sourceTree = "<group>"; };
		3FCB11E02620A9B10090EE01 /* beyaz.jpeg */ = {isa = PBXFileReference; lastKnownFileType = image.jpeg; path = beyaz.jpeg; sourceTree = "<group>"; };
		3FEC93602625AC6200265304 /* Assets.xcassets */ = {isa = PBXFileReference; lastKnownFileType = folder.assetcatalog; name = Assets.xcassets; path = ../../Assets.xcassets; sourceTree = "<group>"; };
		3FF4751A261C6609008498C6 /* DemarkeDemoProject.app */ = {isa = PBXFileReference; explicitFileType = wrapper.application; includeInIndex = 0; path = DemarkeDemoProject.app; sourceTree = BUILT_PRODUCTS_DIR; };
		3FF4751D261C6609008498C6 /* AppDelegate.swift */ = {isa = PBXFileReference; lastKnownFileType = sourcecode.swift; path = AppDelegate.swift; sourceTree = "<group>"; };
		3FF4751F261C6609008498C6 /* SceneDelegate.swift */ = {isa = PBXFileReference; lastKnownFileType = sourcecode.swift; path = SceneDelegate.swift; sourceTree = "<group>"; };
		3FF47521261C6609008498C6 /* ViewController.swift */ = {isa = PBXFileReference; lastKnownFileType = sourcecode.swift; path = ViewController.swift; sourceTree = "<group>"; };
		3FF47524261C6609008498C6 /* Base */ = {isa = PBXFileReference; lastKnownFileType = file.storyboard; name = Base; path = Base.lproj/Main.storyboard; sourceTree = "<group>"; };
		3FF47529261C660C008498C6 /* Base */ = {isa = PBXFileReference; lastKnownFileType = file.storyboard; name = Base; path = Base.lproj/LaunchScreen.storyboard; sourceTree = "<group>"; };
		3FF4752B261C660C008498C6 /* Info.plist */ = {isa = PBXFileReference; lastKnownFileType = text.plist.xml; path = Info.plist; sourceTree = "<group>"; };
		3FF47534261C78B5008498C6 /* detailsViewController.swift */ = {isa = PBXFileReference; lastKnownFileType = sourcecode.swift; path = detailsViewController.swift; sourceTree = "<group>"; };
		3FF47538261C80FA008498C6 /* Movies.swift */ = {isa = PBXFileReference; lastKnownFileType = sourcecode.swift; path = Movies.swift; sourceTree = "<group>"; };
/* End PBXFileReference section */

/* Begin PBXFrameworksBuildPhase section */
		3FF47517261C6609008498C6 /* Frameworks */ = {
			isa = PBXFrameworksBuildPhase;
			buildActionMask = 2147483647;
			files = (
			);
			runOnlyForDeploymentPostprocessing = 0;
		};
/* End PBXFrameworksBuildPhase section */

/* Begin PBXGroup section */
		3F75AB7D261DA7FA0013E64B /* Models */ = {
			isa = PBXGroup;
			children = (
				3FF47538261C80FA008498C6 /* Movies.swift */,
				3FA129E6261F0440009A46E5 /* Slider.swift */,
				3FA129FF261F2D6F009A46E5 /* Model.swift */,
			);
			path = Models;
			sourceTree = "<group>";
		};
		3F75AB7F261DA81E0013E64B /* Resources */ = {
			isa = PBXGroup;
			children = (
				3FEC93602625AC6200265304 /* Assets.xcassets */,
				3FF47528261C660C008498C6 /* LaunchScreen.storyboard */,
			);
			path = Resources;
			sourceTree = "<group>";
		};
		3F75AB80261DA8620013E64B /* AppDelegate */ = {
			isa = PBXGroup;
			children = (
				3FF4751F261C6609008498C6 /* SceneDelegate.swift */,
				3FF4751D261C6609008498C6 /* AppDelegate.swift */,
			);
			path = AppDelegate;
			sourceTree = "<group>";
		};
		3F75AB81261DA8DD0013E64B /* Storyboard */ = {
			isa = PBXGroup;
			children = (
				3FF47523261C6609008498C6 /* Main.storyboard */,
			);
			path = Storyboard;
			sourceTree = "<group>";
		};
		3F75AB82261DA8FE0013E64B /* CustomView */ = {
			isa = PBXGroup;
			children = (
				3FF47521261C6609008498C6 /* ViewController.swift */,
				3FF47534261C78B5008498C6 /* detailsViewController.swift */,
			);
			path = CustomView;
			sourceTree = "<group>";
		};
		3F75AB93261DB1030013E64B /* TableView */ = {
			isa = PBXGroup;
			children = (
				3FCB11B7261FBCBF0090EE01 /* SliderTableViewCell */,
				3FA12A07261F321E009A46E5 /* CollectionTableViewCell */,
				3FA12A06261F3207009A46E5 /* DetailsTableViewCell */,
				3FA12A05261F31EC009A46E5 /* SingleTableViewCell */,
			);
			path = TableView;
			sourceTree = "<group>";
		};
		3FA12997261DB7DE009A46E5 /* Media */ = {
			isa = PBXGroup;
			children = (
				3FA129A9261DB7FB009A46E5 /* parcalanmis.jpg */,
				3FA129A5261DB7FB009A46E5 /* harrypotter.jpg */,
				3FCB11C82620A7AF0090EE01 /* banner1.jpeg */,
				3FCB11CA2620A7B00090EE01 /* banner2.jpeg */,
				3FCB11CB2620A7B00090EE01 /* banner3.jpeg */,
				3FCB11CD2620A7B00090EE01 /* banner4.jpeg */,
				3FCB11CC2620A7B00090EE01 /* banner5.jpeg */,
				3FCB11E02620A9B10090EE01 /* beyaz.jpeg */,
				3FCB11C62620A7AF0090EE01 /* collection1.jpg */,
				3FCB11C72620A7AF0090EE01 /* collection2.jpg */,
				3FCB11CE2620A7B00090EE01 /* collection3.jpg */,
				3FCB11C92620A7B00090EE01 /* collection4.jpg */,
				3FCB11C52620A7AF0090EE01 /* collection5.jpg */,
				3FA129AA261DB7FB009A46E5 /* yuzuklerinEfendisi.jpg */,
				3FA129A6261DB7FB009A46E5 /* benjaminButton.jpg */,
				3FA129A7261DB7FB009A46E5 /* gladiator.jpg */,
				3FA129A8261DB7FB009A46E5 /* mebeforeyou.jpg */,
			);
			path = Media;
			sourceTree = "<group>";
		};
		3FA129C6261EF6C8009A46E5 /* CollectionView */ = {
			isa = PBXGroup;
			children = (
				3FA12A04261F31C2009A46E5 /* MyCollectionViewCell */,
				3FA12A03261F31AC009A46E5 /* SliderCollectionView */,
			);
			path = CollectionView;
			sourceTree = "<group>";
		};
		3FA12A03261F31AC009A46E5 /* SliderCollectionView */ = {
			isa = PBXGroup;
			children = (
				3FA12A15261F6409009A46E5 /* SliderCollectionViewCell.swift */,
				3FA12A16261F6409009A46E5 /* SliderCollectionViewCell.xib */,
			);
			path = SliderCollectionView;
			sourceTree = "<group>";
		};
		3FA12A04261F31C2009A46E5 /* MyCollectionViewCell */ = {
			isa = PBXGroup;
			children = (
				3FA129EF261F1C0D009A46E5 /* MyCollectionViewCell.swift */,
				3FA129F0261F1C0D009A46E5 /* MyCollectionViewCell.xib */,
			);
			path = MyCollectionViewCell;
			sourceTree = "<group>";
		};
		3FA12A05261F31EC009A46E5 /* SingleTableViewCell */ = {
			isa = PBXGroup;
			children = (
				3F75AB8D261DABC70013E64B /* SingleTableViewCell.swift */,
				3F75AB8E261DABC70013E64B /* SingleTableViewCell.xib */,
			);
			path = SingleTableViewCell;
			sourceTree = "<group>";
		};
		3FA12A06261F3207009A46E5 /* DetailsTableViewCell */ = {
			isa = PBXGroup;
			children = (
				3FA129C1261EE9DB009A46E5 /* DetailsTableViewCell.swift */,
				3FA129C2261EE9DB009A46E5 /* DetailsTableViewCell.xib */,
			);
			path = DetailsTableViewCell;
			sourceTree = "<group>";
		};
		3FA12A07261F321E009A46E5 /* CollectionTableViewCell */ = {
			isa = PBXGroup;
			children = (
				3FA129EA261F1BCF009A46E5 /* CollectionTableViewCell.swift */,
				3FA129EB261F1BCF009A46E5 /* CollectionTableViewCell.xib */,
			);
			path = CollectionTableViewCell;
			sourceTree = "<group>";
		};
		3FCB11B7261FBCBF0090EE01 /* SliderTableViewCell */ = {
			isa = PBXGroup;
			children = (
				3FCB11BC261FBD160090EE01 /* SliderTableViewCell.swift */,
				3FCB11BD261FBD160090EE01 /* SliderTableViewCell.xib */,
			);
			name = SliderTableViewCell;
			sourceTree = "<group>";
		};
		3FF47511261C6608008498C6 = {
			isa = PBXGroup;
			children = (
				3FF4751C261C6609008498C6 /* DemarkeDemoProject */,
				3FF4751B261C6609008498C6 /* Products */,
			);
			sourceTree = "<group>";
		};
		3FF4751B261C6609008498C6 /* Products */ = {
			isa = PBXGroup;
			children = (
				3FF4751A261C6609008498C6 /* DemarkeDemoProject.app */,
			);
			name = Products;
			sourceTree = "<group>";
		};
		3FF4751C261C6609008498C6 /* DemarkeDemoProject */ = {
			isa = PBXGroup;
			children = (
				3FA12997261DB7DE009A46E5 /* Media */,
				3F75AB80261DA8620013E64B /* AppDelegate */,
				3F75AB7F261DA81E0013E64B /* Resources */,
				3F75AB7D261DA7FA0013E64B /* Models */,
				3FF47598261CACE4008498C6 /* Views */,
				3FF4752B261C660C008498C6 /* Info.plist */,
			);
			path = DemarkeDemoProject;
			sourceTree = "<group>";
		};
		3FF47598261CACE4008498C6 /* Views */ = {
			isa = PBXGroup;
			children = (
				3F75AB93261DB1030013E64B /* TableView */,
				3FA129C6261EF6C8009A46E5 /* CollectionView */,
				3F75AB82261DA8FE0013E64B /* CustomView */,
				3F75AB81261DA8DD0013E64B /* Storyboard */,
			);
			path = Views;
			sourceTree = "<group>";
		};
/* End PBXGroup section */

/* Begin PBXNativeTarget section */
		3FF47519261C6609008498C6 /* DemarkeDemoProject */ = {
			isa = PBXNativeTarget;
			buildConfigurationList = 3FF4752E261C660C008498C6 /* Build configuration list for PBXNativeTarget "DemarkeDemoProject" */;
			buildPhases = (
				3FF47516261C6609008498C6 /* Sources */,
				3FF47517261C6609008498C6 /* Frameworks */,
				3FF47518261C6609008498C6 /* Resources */,
			);
			buildRules = (
			);
			dependencies = (
			);
			name = DemarkeDemoProject;
			productName = DemarkeDemoProject;
			productReference = 3FF4751A261C6609008498C6 /* DemarkeDemoProject.app */;
			productType = "com.apple.product-type.application";
		};
/* End PBXNativeTarget section */

/* Begin PBXProject section */
		3FF47512261C6608008498C6 /* Project object */ = {
			isa = PBXProject;
			attributes = {
				LastSwiftUpdateCheck = 1220;
				LastUpgradeCheck = 1220;
				TargetAttributes = {
					3FF47519261C6609008498C6 = {
						CreatedOnToolsVersion = 12.2;
					};
				};
			};
			buildConfigurationList = 3FF47515261C6608008498C6 /* Build configuration list for PBXProject "DemarkeDemoProject" */;
			compatibilityVersion = "Xcode 9.3";
			developmentRegion = en;
			hasScannedForEncodings = 0;
			knownRegions = (
				en,
				Base,
			);
			mainGroup = 3FF47511261C6608008498C6;
			productRefGroup = 3FF4751B261C6609008498C6 /* Products */;
			projectDirPath = "";
			projectRoot = "";
			targets = (
				3FF47519261C6609008498C6 /* DemarkeDemoProject */,
			);
		};
/* End PBXProject section */

/* Begin PBXResourcesBuildPhase section */
		3FF47518261C6609008498C6 /* Resources */ = {
			isa = PBXResourcesBuildPhase;
			buildActionMask = 2147483647;
			files = (
				3FCB11BF261FBD160090EE01 /* SliderTableViewCell.xib in Resources */,
				3FCB11D52620A7B00090EE01 /* banner3.jpeg in Resources */,
				3FA129C4261EE9DB009A46E5 /* DetailsTableViewCell.xib in Resources */,
				3FCB11D42620A7B00090EE01 /* banner2.jpeg in Resources */,
				3FF4752A261C660C008498C6 /* LaunchScreen.storyboard in Resources */,
				3FCB11D82620A7B00090EE01 /* collection3.jpg in Resources */,
				3FA129F2261F1C0D009A46E5 /* MyCollectionViewCell.xib in Resources */,
				3F75AB90261DABC70013E64B /* SingleTableViewCell.xib in Resources */,
				3FCB11CF2620A7B00090EE01 /* collection5.jpg in Resources */,
				3FA129ED261F1BCF009A46E5 /* CollectionTableViewCell.xib in Resources */,
				3FCB11D22620A7B00090EE01 /* banner1.jpeg in Resources */,
				3FCB11D02620A7B00090EE01 /* collection1.jpg in Resources */,
				3FCB11D62620A7B00090EE01 /* banner5.jpeg in Resources */,
				3FCB11D72620A7B00090EE01 /* banner4.jpeg in Resources */,
				3FEC936B2625AD2C00265304 /* Assets.xcassets in Resources */,
				3FF47525261C6609008498C6 /* Main.storyboard in Resources */,
				3FA12A18261F6409009A46E5 /* SliderCollectionViewCell.xib in Resources */,
				3FCB11E12620A9B10090EE01 /* beyaz.jpeg in Resources */,
				3FCB11D12620A7B00090EE01 /* collection2.jpg in Resources */,
				3FCB11D32620A7B00090EE01 /* collection4.jpg in Resources */,
			);
			runOnlyForDeploymentPostprocessing = 0;
		};
/* End PBXResourcesBuildPhase section */

/* Begin PBXSourcesBuildPhase section */
		3FF47516261C6609008498C6 /* Sources */ = {
			isa = PBXSourcesBuildPhase;
			buildActionMask = 2147483647;
			files = (
				3FA129F1261F1C0D009A46E5 /* MyCollectionViewCell.swift in Sources */,
				3FCB11BE261FBD160090EE01 /* SliderTableViewCell.swift in Sources */,
				3FF47539261C80FB008498C6 /* Movies.swift in Sources */,
				3F75AB8F261DABC70013E64B /* SingleTableViewCell.swift in Sources */,
				3FA12A17261F6409009A46E5 /* SliderCollectionViewCell.swift in Sources */,
				3FA12A00261F2D6F009A46E5 /* Model.swift in Sources */,
				3FF47522261C6609008498C6 /* ViewController.swift in Sources */,
				3FA129E7261F0440009A46E5 /* Slider.swift in Sources */,
				3FA129EC261F1BCF009A46E5 /* CollectionTableViewCell.swift in Sources */,
				3FF4751E261C6609008498C6 /* AppDelegate.swift in Sources */,
				3FF47520261C6609008498C6 /* SceneDelegate.swift in Sources */,
				3FF47535261C78B5008498C6 /* detailsViewController.swift in Sources */,
				3FA129C3261EE9DB009A46E5 /* DetailsTableViewCell.swift in Sources */,
			);
			runOnlyForDeploymentPostprocessing = 0;
		};
/* End PBXSourcesBuildPhase section */

/* Begin PBXVariantGroup section */
		3FF47523261C6609008498C6 /* Main.storyboard */ = {
			isa = PBXVariantGroup;
			children = (
				3FF47524261C6609008498C6 /* Base */,
			);
			name = Main.storyboard;
			sourceTree = "<group>";
		};
		3FF47528261C660C008498C6 /* LaunchScreen.storyboard */ = {
			isa = PBXVariantGroup;
			children = (
				3FF47529261C660C008498C6 /* Base */,
			);
			name = LaunchScreen.storyboard;
			sourceTree = "<group>";
		};
/* End PBXVariantGroup section */

/* Begin XCBuildConfiguration section */
		3FF4752C261C660C008498C6 /* Debug */ = {
			isa = XCBuildConfiguration;
			buildSettings = {
				ALWAYS_SEARCH_USER_PATHS = NO;
				CLANG_ANALYZER_NONNULL = YES;
				CLANG_ANALYZER_NUMBER_OBJECT_CONVERSION = YES_AGGRESSIVE;
				CLANG_CXX_LANGUAGE_STANDARD = "gnu++14";
				CLANG_CXX_LIBRARY = "libc++";
				CLANG_ENABLE_MODULES = YES;
				CLANG_ENABLE_OBJC_ARC = YES;
				CLANG_ENABLE_OBJC_WEAK = YES;
				CLANG_WARN_BLOCK_CAPTURE_AUTORELEASING = YES;
				CLANG_WARN_BOOL_CONVERSION = YES;
				CLANG_WARN_COMMA = YES;
				CLANG_WARN_CONSTANT_CONVERSION = YES;
				CLANG_WARN_DEPRECATED_OBJC_IMPLEMENTATIONS = YES;
				CLANG_WARN_DIRECT_OBJC_ISA_USAGE = YES_ERROR;
				CLANG_WARN_DOCUMENTATION_COMMENTS = YES;
				CLANG_WARN_EMPTY_BODY = YES;
				CLANG_WARN_ENUM_CONVERSION = YES;
				CLANG_WARN_INFINITE_RECURSION = YES;
				CLANG_WARN_INT_CONVERSION = YES;
				CLANG_WARN_NON_LITERAL_NULL_CONVERSION = YES;
				CLANG_WARN_OBJC_IMPLICIT_RETAIN_SELF = YES;
				CLANG_WARN_OBJC_LITERAL_CONVERSION = YES;
				CLANG_WARN_OBJC_ROOT_CLASS = YES_ERROR;
				CLANG_WARN_QUOTED_INCLUDE_IN_FRAMEWORK_HEADER = YES;
				CLANG_WARN_RANGE_LOOP_ANALYSIS = YES;
				CLANG_WARN_STRICT_PROTOTYPES = YES;
				CLANG_WARN_SUSPICIOUS_MOVE = YES;
				CLANG_WARN_UNGUARDED_AVAILABILITY = YES_AGGRESSIVE;
				CLANG_WARN_UNREACHABLE_CODE = YES;
				CLANG_WARN__DUPLICATE_METHOD_MATCH = YES;
				COPY_PHASE_STRIP = NO;
				DEBUG_INFORMATION_FORMAT = dwarf;
				ENABLE_STRICT_OBJC_MSGSEND = YES;
				ENABLE_TESTABILITY = YES;
				GCC_C_LANGUAGE_STANDARD = gnu11;
				GCC_DYNAMIC_NO_PIC = NO;
				GCC_NO_COMMON_BLOCKS = YES;
				GCC_OPTIMIZATION_LEVEL = 0;
				GCC_PREPROCESSOR_DEFINITIONS = (
					"DEBUG=1",
					"$(inherited)",
				);
				GCC_WARN_64_TO_32_BIT_CONVERSION = YES;
				GCC_WARN_ABOUT_RETURN_TYPE = YES_ERROR;
				GCC_WARN_UNDECLARED_SELECTOR = YES;
				GCC_WARN_UNINITIALIZED_AUTOS = YES_AGGRESSIVE;
				GCC_WARN_UNUSED_FUNCTION = YES;
				GCC_WARN_UNUSED_VARIABLE = YES;
				IPHONEOS_DEPLOYMENT_TARGET = 14.2;
				MTL_ENABLE_DEBUG_INFO = INCLUDE_SOURCE;
				MTL_FAST_MATH = YES;
				ONLY_ACTIVE_ARCH = YES;
				SDKROOT = iphoneos;
				SWIFT_ACTIVE_COMPILATION_CONDITIONS = DEBUG;
				SWIFT_OPTIMIZATION_LEVEL = "-Onone";
			};
			name = Debug;
		};
		3FF4752D261C660C008498C6 /* Release */ = {
			isa = XCBuildConfiguration;
			buildSettings = {
				ALWAYS_SEARCH_USER_PATHS = NO;
				CLANG_ANALYZER_NONNULL = YES;
				CLANG_ANALYZER_NUMBER_OBJECT_CONVERSION = YES_AGGRESSIVE;
				CLANG_CXX_LANGUAGE_STANDARD = "gnu++14";
				CLANG_CXX_LIBRARY = "libc++";
				CLANG_ENABLE_MODULES = YES;
				CLANG_ENABLE_OBJC_ARC = YES;
				CLANG_ENABLE_OBJC_WEAK = YES;
				CLANG_WARN_BLOCK_CAPTURE_AUTORELEASING = YES;
				CLANG_WARN_BOOL_CONVERSION = YES;
				CLANG_WARN_COMMA = YES;
				CLANG_WARN_CONSTANT_CONVERSION = YES;
				CLANG_WARN_DEPRECATED_OBJC_IMPLEMENTATIONS = YES;
				CLANG_WARN_DIRECT_OBJC_ISA_USAGE = YES_ERROR;
				CLANG_WARN_DOCUMENTATION_COMMENTS = YES;
				CLANG_WARN_EMPTY_BODY = YES;
				CLANG_WARN_ENUM_CONVERSION = YES;
				CLANG_WARN_INFINITE_RECURSION = YES;
				CLANG_WARN_INT_CONVERSION = YES;
				CLANG_WARN_NON_LITERAL_NULL_CONVERSION = YES;
				CLANG_WARN_OBJC_IMPLICIT_RETAIN_SELF = YES;
				CLANG_WARN_OBJC_LITERAL_CONVERSION = YES;
				CLANG_WARN_OBJC_ROOT_CLASS = YES_ERROR;
				CLANG_WARN_QUOTED_INCLUDE_IN_FRAMEWORK_HEADER = YES;
				CLANG_WARN_RANGE_LOOP_ANALYSIS = YES;
				CLANG_WARN_STRICT_PROTOTYPES = YES;
				CLANG_WARN_SUSPICIOUS_MOVE = YES;
				CLANG_WARN_UNGUARDED_AVAILABILITY = YES_AGGRESSIVE;
				CLANG_WARN_UNREACHABLE_CODE = YES;
				CLANG_WARN__DUPLICATE_METHOD_MATCH = YES;
				COPY_PHASE_STRIP = NO;
				DEBUG_INFORMATION_FORMAT = "dwarf-with-dsym";
				ENABLE_NS_ASSERTIONS = NO;
				ENABLE_STRICT_OBJC_MSGSEND = YES;
				GCC_C_LANGUAGE_STANDARD = gnu11;
				GCC_NO_COMMON_BLOCKS = YES;
				GCC_WARN_64_TO_32_BIT_CONVERSION = YES;
				GCC_WARN_ABOUT_RETURN_TYPE = YES_ERROR;
				GCC_WARN_UNDECLARED_SELECTOR = YES;
				GCC_WARN_UNINITIALIZED_AUTOS = YES_AGGRESSIVE;
				GCC_WARN_UNUSED_FUNCTION = YES;
				GCC_WARN_UNUSED_VARIABLE = YES;
				IPHONEOS_DEPLOYMENT_TARGET = 14.2;
				MTL_ENABLE_DEBUG_INFO = NO;
				MTL_FAST_MATH = YES;
				SDKROOT = iphoneos;
				SWIFT_COMPILATION_MODE = wholemodule;
				SWIFT_OPTIMIZATION_LEVEL = "-O";
				VALIDATE_PRODUCT = YES;
			};
			name = Release;
		};
		3FF4752F261C660C008498C6 /* Debug */ = {
			isa = XCBuildConfiguration;
			buildSettings = {
				ASSETCATALOG_COMPILER_APPICON_NAME = AppIcon;
				ASSETCATALOG_COMPILER_GLOBAL_ACCENT_COLOR_NAME = AccentColor;
				CODE_SIGN_STYLE = Automatic;
				INFOPLIST_FILE = DemarkeDemoProject/Info.plist;
				LD_RUNPATH_SEARCH_PATHS = (
					"$(inherited)",
					"@executable_path/Frameworks",
				);
				PRODUCT_BUNDLE_IDENTIFIER = kefirke.dilara.DemarkeDemoProject;
				PRODUCT_NAME = "$(TARGET_NAME)";
				SWIFT_VERSION = 5.0;
				TARGETED_DEVICE_FAMILY = "1,2";
			};
			name = Debug;
		};
		3FF47530261C660C008498C6 /* Release */ = {
			isa = XCBuildConfiguration;
			buildSettings = {
				ASSETCATALOG_COMPILER_APPICON_NAME = AppIcon;
				ASSETCATALOG_COMPILER_GLOBAL_ACCENT_COLOR_NAME = AccentColor;
				CODE_SIGN_STYLE = Automatic;
				INFOPLIST_FILE = DemarkeDemoProject/Info.plist;
				LD_RUNPATH_SEARCH_PATHS = (
					"$(inherited)",
					"@executable_path/Frameworks",
				);
				PRODUCT_BUNDLE_IDENTIFIER = kefirke.dilara.DemarkeDemoProject;
				PRODUCT_NAME = "$(TARGET_NAME)";
				SWIFT_VERSION = 5.0;
				TARGETED_DEVICE_FAMILY = "1,2";
			};
			name = Release;
		};
/* End XCBuildConfiguration section */

/* Begin XCConfigurationList section */
		3FF47515261C6608008498C6 /* Build configuration list for PBXProject "DemarkeDemoProject" */ = {
			isa = XCConfigurationList;
			buildConfigurations = (
				3FF4752C261C660C008498C6 /* Debug */,
				3FF4752D261C660C008498C6 /* Release */,
			);
			defaultConfigurationIsVisible = 0;
			defaultConfigurationName = Release;
		};
		3FF4752E261C660C008498C6 /* Build configuration list for PBXNativeTarget "DemarkeDemoProject" */ = {
			isa = XCConfigurationList;
			buildConfigurations = (
				3FF4752F261C660C008498C6 /* Debug */,
				3FF47530261C660C008498C6 /* Release */,
			);
			defaultConfigurationIsVisible = 0;
			defaultConfigurationName = Release;
		};
/* End XCConfigurationList section */
	};
	rootObject = 3FF47512261C6608008498C6 /* Project object */;
}
